<?xml version="1.0" encoding="UTF-8"?>
<Scheme
   version = "1.3">
   <BuildAction>
      <BuildActionEntries>
         <BuildActionEntry
            buildForRunning = "YES">
            <BuildableReference
               BuildableIdentifier = "primary"
               BlueprintIdentifier = "E42ADA8E168202D700295D85"
               BuildableName = "libInAppSettingsKit.a"
               BlueprintName = "InAppSettingsKit"
               ReferencedContainer = "container:InAppSettingsKit.xcodeproj">
            </BuildableReference>
         </BuildActionEntry>
      </BuildActionEntries>
   </BuildAction>
   <LaunchAction
      useCustomWorkingDirectory = "NO"
      buildConfiguration = "Debug">
      <BuildableProductRunnable>
         <BuildableReference
            BuildableIdentifier = "primary"
            BlueprintIdentifier = "DEC919481A41C1EE006772A0"
            BuildableName = "NewPhonebook.app"
            BlueprintName = "NewPhonebook"
            ReferencedContainer = "container:../../NewPhonebook.xcodeproj">
         </BuildableReference>
      </BuildableProductRunnable>
   </LaunchAction>
</Scheme>
